
Microsoft Visual Studio Solution File, Format Version 12.00
# Visual Studio Version 16
VisualStudioVersion = 16.0.31729.503
MinimumVisualStudioVersion = 10.0.40219.1
Project("{9A19103F-16F7-4668-BE54-9A1E7A4F7556}") = "AdventureWalkWebAPI", "AdventureWalk\AdventureWalkWebAPI.csproj", "{B9536C7B-E6D8-410E-9FD3-964F7EE822CF}"
EndProject
Global
	GlobalSection(SolutionConfigurationPlatforms) = preSolution
		Debug|Any CPU = Debug|Any CPU
		Release|Any CPU = Release|Any CPU
	EndGlobalSection
	GlobalSection(ProjectConfigurationPlatforms) = postSolution
		{B9536C7B-E6D8-410E-9FD3-964F7EE822CF}.Debug|Any CPU.ActiveCfg = Debug|Any CPU
		{B9536C7B-E6D8-410E-9FD3-964F7EE822CF}.Debug|Any CPU.Build.0 = Debug|Any CPU
		{B9536C7B-E6D8-410E-9FD3-964F7EE822CF}.Release|Any CPU.ActiveCfg = Release|Any CPU
		{B9536C7B-E6D8-410E-9FD3-964F7EE822CF}.Release|Any CPU.Build.0 = Release|Any CPU
	EndGlobalSection
	GlobalSection(SolutionProperties) = preSolution
		HideSolutionNode = FALSE
	EndGlobalSection
	GlobalSection(ExtensibilityGlobals) = postSolution
		SolutionGuid = {540D7B5B-79D9-415F-AEEE-C30FDE481D24}
	EndGlobalSection
EndGlobal
